
Microsoft Visual Studio Solution File, Format Version 12.00
# Visual Studio Version 16
VisualStudioVersion = 16.0.29418.71
MinimumVisualStudioVersion = 10.0.40219.1
Project("{FAE04EC0-301F-11D3-BF4B-00C04F79EFBC}") = "cdjs-home-management", "cdjs-home-management.csproj", "{3177BA7A-ABC4-4D40-8D7C-9C1F25D41308}"
EndProject
Global
	GlobalSection(SolutionConfigurationPlatforms) = preSolution
		Debug|Any CPU = Debug|Any CPU
		Release|Any CPU = Release|Any CPU
	EndGlobalSection
	GlobalSection(ProjectConfigurationPlatforms) = postSolution
		{3177BA7A-ABC4-4D40-8D7C-9C1F25D41308}.Debug|Any CPU.ActiveCfg = Debug|Any CPU
		{3177BA7A-ABC4-4D40-8D7C-9C1F25D41308}.Debug|Any CPU.Build.0 = Debug|Any CPU
		{3177BA7A-ABC4-4D40-8D7C-9C1F25D41308}.Release|Any CPU.ActiveCfg = Release|Any CPU
		{3177BA7A-ABC4-4D40-8D7C-9C1F25D41308}.Release|Any CPU.Build.0 = Release|Any CPU
	EndGlobalSection
	GlobalSection(SolutionProperties) = preSolution
		HideSolutionNode = FALSE
	EndGlobalSection
	GlobalSection(ExtensibilityGlobals) = postSolution
		SolutionGuid = {A16357DF-14E0-4507-AF61-C76982C11100}
	EndGlobalSection
EndGlobal
